
Microsoft Visual Studio Solution File, Format Version 12.00
# Visual Studio Version 16
VisualStudioVersion = 16.0.30804.86
MinimumVisualStudioVersion = 10.0.40219.1
Project("{FAE04EC0-301F-11D3-BF4B-00C04F79EFBC}") = "Carro", "Carro.csproj", "{02F80176-31AC-48F1-A276-1008C81C4978}"
EndProject
Project("{2150E333-8FDC-42A3-9474-1A3956D46DE8}") = "Negocio", "Negocio", "{DA17D5A7-2AC1-449B-A013-4A8B00C93C3E}"
EndProject
Project("{2150E333-8FDC-42A3-9474-1A3956D46DE8}") = "Infraestructura", "Infraestructura", "{7E0B4CF4-14F6-4651-A008-0F72E2F9E811}"
EndProject
Project("{FAE04EC0-301F-11D3-BF4B-00C04F79EFBC}") = "Vehiculos", "..\Vehiculos\Vehiculos.csproj", "{DDE5EDBD-9264-4B1C-843C-3279F17F9766}"
EndProject
Project("{FAE04EC0-301F-11D3-BF4B-00C04F79EFBC}") = "BaseDatos", "..\BaseDatos\BaseDatos.csproj", "{C2D61767-690E-4962-8A9A-4B3B099C4BBC}"
EndProject
Project("{2150E333-8FDC-42A3-9474-1A3956D46DE8}") = "Persistencia", "Persistencia", "{5EC73092-6DFC-487A-BBAB-E7C432661EA5}"
EndProject
Project("{FAE04EC0-301F-11D3-BF4B-00C04F79EFBC}") = "DataTransferer", "..\DataTransferer\DataTransferer.csproj", "{374FBED2-376A-4DB3-AE90-2B6D2049B336}"
EndProject
Project("{2150E333-8FDC-42A3-9474-1A3956D46DE8}") = "API", "API", "{ADCA142A-AF61-4881-AD28-D0F4C62FFBBC}"
EndProject
Project("{2150E333-8FDC-42A3-9474-1A3956D46DE8}") = "Librerias", "Librerias", "{8CAE41D4-E3BC-4378-9FAD-35629E5D70A8}"
EndProject
Project("{2150E333-8FDC-42A3-9474-1A3956D46DE8}") = "Sitio", "Sitio", "{2321B65F-5EC3-4B64-9249-2951F7ED81A4}"
EndProject
Global
	GlobalSection(SolutionConfigurationPlatforms) = preSolution
		Debug|Any CPU = Debug|Any CPU
		Release|Any CPU = Release|Any CPU
	EndGlobalSection
	GlobalSection(ProjectConfigurationPlatforms) = postSolution
		{02F80176-31AC-48F1-A276-1008C81C4978}.Debug|Any CPU.ActiveCfg = Debug|Any CPU
		{02F80176-31AC-48F1-A276-1008C81C4978}.Debug|Any CPU.Build.0 = Debug|Any CPU
		{02F80176-31AC-48F1-A276-1008C81C4978}.Release|Any CPU.ActiveCfg = Release|Any CPU
		{02F80176-31AC-48F1-A276-1008C81C4978}.Release|Any CPU.Build.0 = Release|Any CPU
		{DDE5EDBD-9264-4B1C-843C-3279F17F9766}.Debug|Any CPU.ActiveCfg = Debug|Any CPU
		{DDE5EDBD-9264-4B1C-843C-3279F17F9766}.Debug|Any CPU.Build.0 = Debug|Any CPU
		{DDE5EDBD-9264-4B1C-843C-3279F17F9766}.Release|Any CPU.ActiveCfg = Release|Any CPU
		{DDE5EDBD-9264-4B1C-843C-3279F17F9766}.Release|Any CPU.Build.0 = Release|Any CPU
		{C2D61767-690E-4962-8A9A-4B3B099C4BBC}.Debug|Any CPU.ActiveCfg = Debug|Any CPU
		{C2D61767-690E-4962-8A9A-4B3B099C4BBC}.Debug|Any CPU.Build.0 = Debug|Any CPU
		{C2D61767-690E-4962-8A9A-4B3B099C4BBC}.Release|Any CPU.ActiveCfg = Release|Any CPU
		{C2D61767-690E-4962-8A9A-4B3B099C4BBC}.Release|Any CPU.Build.0 = Release|Any CPU
		{374FBED2-376A-4DB3-AE90-2B6D2049B336}.Debug|Any CPU.ActiveCfg = Debug|Any CPU
		{374FBED2-376A-4DB3-AE90-2B6D2049B336}.Debug|Any CPU.Build.0 = Debug|Any CPU
		{374FBED2-376A-4DB3-AE90-2B6D2049B336}.Release|Any CPU.ActiveCfg = Release|Any CPU
		{374FBED2-376A-4DB3-AE90-2B6D2049B336}.Release|Any CPU.Build.0 = Release|Any CPU
	EndGlobalSection
	GlobalSection(SolutionProperties) = preSolution
		HideSolutionNode = FALSE
	EndGlobalSection
	GlobalSection(NestedProjects) = preSolution
		{02F80176-31AC-48F1-A276-1008C81C4978} = {ADCA142A-AF61-4881-AD28-D0F4C62FFBBC}
		{DA17D5A7-2AC1-449B-A013-4A8B00C93C3E} = {8CAE41D4-E3BC-4378-9FAD-35629E5D70A8}
		{7E0B4CF4-14F6-4651-A008-0F72E2F9E811} = {8CAE41D4-E3BC-4378-9FAD-35629E5D70A8}
		{DDE5EDBD-9264-4B1C-843C-3279F17F9766} = {DA17D5A7-2AC1-449B-A013-4A8B00C93C3E}
		{C2D61767-690E-4962-8A9A-4B3B099C4BBC} = {7E0B4CF4-14F6-4651-A008-0F72E2F9E811}
		{5EC73092-6DFC-487A-BBAB-E7C432661EA5} = {8CAE41D4-E3BC-4378-9FAD-35629E5D70A8}
		{374FBED2-376A-4DB3-AE90-2B6D2049B336} = {5EC73092-6DFC-487A-BBAB-E7C432661EA5}
		{8CAE41D4-E3BC-4378-9FAD-35629E5D70A8} = {ADCA142A-AF61-4881-AD28-D0F4C62FFBBC}
	EndGlobalSection
	GlobalSection(ExtensibilityGlobals) = postSolution
		SolutionGuid = {28AEDC13-3180-4C2C-B74E-A3C79AE401CE}
	EndGlobalSection
EndGlobal
